
Microsoft Visual Studio Solution File, Format Version 12.00
# Visual Studio 2012
Project("{FAE04EC0-301F-11D3-BF4B-00C04F79EFBC}") = "Outlook_TO_Vcf_CSV_EXCEL", "Outlook_TO_Vcf_CSV_EXCEL\Outlook_TO_Vcf_CSV_EXCEL.csproj", "{0D40A3E7-06FC-4403-BDC1-2F75FCA9D754}"
EndProject
Global
	GlobalSection(SolutionConfigurationPlatforms) = preSolution
		Debug|Any CPU = Debug|Any CPU
		Release|Any CPU = Release|Any CPU
	EndGlobalSection
	GlobalSection(ProjectConfigurationPlatforms) = postSolution
		{0D40A3E7-06FC-4403-BDC1-2F75FCA9D754}.Debug|Any CPU.ActiveCfg = Debug|Any CPU
		{0D40A3E7-06FC-4403-BDC1-2F75FCA9D754}.Debug|Any CPU.Build.0 = Debug|Any CPU
		{0D40A3E7-06FC-4403-BDC1-2F75FCA9D754}.Release|Any CPU.ActiveCfg = Release|Any CPU
		{0D40A3E7-06FC-4403-BDC1-2F75FCA9D754}.Release|Any CPU.Build.0 = Release|Any CPU
	EndGlobalSection
	GlobalSection(SolutionProperties) = preSolution
		HideSolutionNode = FALSE
	EndGlobalSection
EndGlobal
